
Microsoft Visual Studio Solution File, Format Version 12.00
# Visual Studio Version 16
VisualStudioVersion = 16.0.30517.126
MinimumVisualStudioVersion = 10.0.40219.1
Project("{FAE04EC0-301F-11D3-BF4B-00C04F79EFBC}") = "ModelCronJob", "ModelCronJob\ModelCronJob.csproj", "{DA092ADB-E04B-465A-8F0E-0917E5C65977}"
EndProject
Global
	GlobalSection(SolutionConfigurationPlatforms) = preSolution
		Debug|Any CPU = Debug|Any CPU
		Release|Any CPU = Release|Any CPU
	EndGlobalSection
	GlobalSection(ProjectConfigurationPlatforms) = postSolution
		{DA092ADB-E04B-465A-8F0E-0917E5C65977}.Debug|Any CPU.ActiveCfg = Debug|Any CPU
		{DA092ADB-E04B-465A-8F0E-0917E5C65977}.Debug|Any CPU.Build.0 = Debug|Any CPU
		{DA092ADB-E04B-465A-8F0E-0917E5C65977}.Release|Any CPU.ActiveCfg = Release|Any CPU
		{DA092ADB-E04B-465A-8F0E-0917E5C65977}.Release|Any CPU.Build.0 = Release|Any CPU
	EndGlobalSection
	GlobalSection(SolutionProperties) = preSolution
		HideSolutionNode = FALSE
	EndGlobalSection
	GlobalSection(ExtensibilityGlobals) = postSolution
		SolutionGuid = {C8A1EFEF-7EB5-40A9-B958-18266A7D21AE}
	EndGlobalSection
EndGlobal
